
Microsoft Visual Studio Solution File, Format Version 12.00
# Visual Studio Version 16
VisualStudioVersion = 16.0.31515.178
MinimumVisualStudioVersion = 10.0.40219.1
Project("{FAE04EC0-301F-11D3-BF4B-00C04F79EFBC}") = "AuctionWebApi", "AuctionWebApi\AuctionWebApi.csproj", "{66B81881-96A9-4AC5-9C1B-0DFCDFD1F351}"
EndProject
Project("{FAE04EC0-301F-11D3-BF4B-00C04F79EFBC}") = "DataLibrary", "DataLibrary\DataLibrary.csproj", "{88A8EDA8-CC9A-4667-948C-867C3C745DA0}"
EndProject
Global
	GlobalSection(SolutionConfigurationPlatforms) = preSolution
		Debug|Any CPU = Debug|Any CPU
		Release|Any CPU = Release|Any CPU
	EndGlobalSection
	GlobalSection(ProjectConfigurationPlatforms) = postSolution
		{66B81881-96A9-4AC5-9C1B-0DFCDFD1F351}.Debug|Any CPU.ActiveCfg = Debug|Any CPU
		{66B81881-96A9-4AC5-9C1B-0DFCDFD1F351}.Debug|Any CPU.Build.0 = Debug|Any CPU
		{66B81881-96A9-4AC5-9C1B-0DFCDFD1F351}.Release|Any CPU.ActiveCfg = Release|Any CPU
		{66B81881-96A9-4AC5-9C1B-0DFCDFD1F351}.Release|Any CPU.Build.0 = Release|Any CPU
		{88A8EDA8-CC9A-4667-948C-867C3C745DA0}.Debug|Any CPU.ActiveCfg = Debug|Any CPU
		{88A8EDA8-CC9A-4667-948C-867C3C745DA0}.Debug|Any CPU.Build.0 = Debug|Any CPU
		{88A8EDA8-CC9A-4667-948C-867C3C745DA0}.Release|Any CPU.ActiveCfg = Release|Any CPU
		{88A8EDA8-CC9A-4667-948C-867C3C745DA0}.Release|Any CPU.Build.0 = Release|Any CPU
	EndGlobalSection
	GlobalSection(SolutionProperties) = preSolution
		HideSolutionNode = FALSE
	EndGlobalSection
	GlobalSection(ExtensibilityGlobals) = postSolution
		SolutionGuid = {2874D03E-0B4B-4D3D-9ECA-093B310BF1A8}
	EndGlobalSection
EndGlobal
